
Microsoft Visual Studio Solution File, Format Version 12.00
# Visual Studio 15
VisualStudioVersion = 15.0.28307.489
MinimumVisualStudioVersion = 10.0.40219.1
Project("{FAE04EC0-301F-11D3-BF4B-00C04F79EFBC}") = "DiamondKata", "DiamondKata\DiamondKata.csproj", "{A0935309-1072-4823-BDEB-FEDB259694F0}"
EndProject
Global
	GlobalSection(SolutionConfigurationPlatforms) = preSolution
		Debug|Any CPU = Debug|Any CPU
		Release|Any CPU = Release|Any CPU
	EndGlobalSection
	GlobalSection(ProjectConfigurationPlatforms) = postSolution
		{A0935309-1072-4823-BDEB-FEDB259694F0}.Debug|Any CPU.ActiveCfg = Debug|Any CPU
		{A0935309-1072-4823-BDEB-FEDB259694F0}.Debug|Any CPU.Build.0 = Debug|Any CPU
		{A0935309-1072-4823-BDEB-FEDB259694F0}.Release|Any CPU.ActiveCfg = Release|Any CPU
		{A0935309-1072-4823-BDEB-FEDB259694F0}.Release|Any CPU.Build.0 = Release|Any CPU
	EndGlobalSection
	GlobalSection(SolutionProperties) = preSolution
		HideSolutionNode = FALSE
	EndGlobalSection
	GlobalSection(ExtensibilityGlobals) = postSolution
		SolutionGuid = {4C834118-7989-47EA-AC8A-185A7553400D}
	EndGlobalSection
EndGlobal
