
Microsoft Visual Studio Solution File, Format Version 12.00
# Visual Studio 15
VisualStudioVersion = 15.0.28307.489
MinimumVisualStudioVersion = 10.0.40219.1
Project("{FAE04EC0-301F-11D3-BF4B-00C04F79EFBC}") = "Task2", "Task2\Task2.csproj", "{E1ADE6AB-0C03-40A5-8C36-108DD5440F6C}"
EndProject
Global
	GlobalSection(SolutionConfigurationPlatforms) = preSolution
		Debug|Any CPU = Debug|Any CPU
		Release|Any CPU = Release|Any CPU
	EndGlobalSection
	GlobalSection(ProjectConfigurationPlatforms) = postSolution
		{E1ADE6AB-0C03-40A5-8C36-108DD5440F6C}.Debug|Any CPU.ActiveCfg = Debug|Any CPU
		{E1ADE6AB-0C03-40A5-8C36-108DD5440F6C}.Debug|Any CPU.Build.0 = Debug|Any CPU
		{E1ADE6AB-0C03-40A5-8C36-108DD5440F6C}.Release|Any CPU.ActiveCfg = Release|Any CPU
		{E1ADE6AB-0C03-40A5-8C36-108DD5440F6C}.Release|Any CPU.Build.0 = Release|Any CPU
	EndGlobalSection
	GlobalSection(SolutionProperties) = preSolution
		HideSolutionNode = FALSE
	EndGlobalSection
	GlobalSection(ExtensibilityGlobals) = postSolution
		SolutionGuid = {2485B6BE-6504-422D-8AA9-710A96D8A61F}
	EndGlobalSection
EndGlobal
